
Microsoft Visual Studio Solution File, Format Version 12.00
# Visual Studio Version 16
VisualStudioVersion = 16.0.30406.217
MinimumVisualStudioVersion = 10.0.40219.1
Project("{9A19103F-16F7-4668-BE54-9A1E7A4F7556}") = "SlippiStats", "SlippiStats\SlippiStats.csproj", "{8B20308A-46E1-4A23-9C8C-7DF5E595031D}"
EndProject
Project("{00D1A9C2-B5F0-4AF3-8072-F6C62B433612}") = "SlippiStats.Database", "SlippiStats.Database\SlippiStats.Database.sqlproj", "{996C6887-9069-4B17-9D1A-01D24D826210}"
EndProject
Global
	GlobalSection(SolutionConfigurationPlatforms) = preSolution
		Debug|Any CPU = Debug|Any CPU
		Release|Any CPU = Release|Any CPU
	EndGlobalSection
	GlobalSection(ProjectConfigurationPlatforms) = postSolution
		{8B20308A-46E1-4A23-9C8C-7DF5E595031D}.Debug|Any CPU.ActiveCfg = Debug|Any CPU
		{8B20308A-46E1-4A23-9C8C-7DF5E595031D}.Debug|Any CPU.Build.0 = Debug|Any CPU
		{8B20308A-46E1-4A23-9C8C-7DF5E595031D}.Release|Any CPU.ActiveCfg = Release|Any CPU
		{8B20308A-46E1-4A23-9C8C-7DF5E595031D}.Release|Any CPU.Build.0 = Release|Any CPU
		{996C6887-9069-4B17-9D1A-01D24D826210}.Debug|Any CPU.ActiveCfg = Debug|Any CPU
		{996C6887-9069-4B17-9D1A-01D24D826210}.Debug|Any CPU.Build.0 = Debug|Any CPU
		{996C6887-9069-4B17-9D1A-01D24D826210}.Debug|Any CPU.Deploy.0 = Debug|Any CPU
		{996C6887-9069-4B17-9D1A-01D24D826210}.Release|Any CPU.ActiveCfg = Release|Any CPU
		{996C6887-9069-4B17-9D1A-01D24D826210}.Release|Any CPU.Build.0 = Release|Any CPU
		{996C6887-9069-4B17-9D1A-01D24D826210}.Release|Any CPU.Deploy.0 = Release|Any CPU
	EndGlobalSection
	GlobalSection(SolutionProperties) = preSolution
		HideSolutionNode = FALSE
	EndGlobalSection
	GlobalSection(ExtensibilityGlobals) = postSolution
		SolutionGuid = {11B3CC20-B4A1-4F44-84A8-C76DF8545E72}
	EndGlobalSection
EndGlobal
