{
  "name": "slp-database",
  "version": "0.0.1",
  "lockfileVersion": 1,
  "requires": true,
  "dependencies": {
    "@shelacek/ubjson": {
      "version": "1.1.1",
      "resolved": "https://registry.npmjs.org/@shelacek/ubjson/-/ubjson-1.1.1.tgz",
      "integrity": "sha512-2Vi46ct3IWzh8eAz9IZ0NulIRtJbGgJDppatJvufB0fHwasRSfklBoQrVrCutF24fSuRvTvZVebjtcIHOxvzWw==",
      "dev": true
    },
    "@slippilab/common": {
      "version": "0.0.3",
      "resolved": "https://registry.npmjs.org/@slippilab/common/-/common-0.0.3.tgz",
      "integrity": "sha512-VLNDzldTcl4DVFuURRkRdoUmLVoChNd6acqEEn3+HewXS/3cEq0AF/Q+ZNf+eDmbDRdvV5JMNwsEiMeCdqaTbg==",
      "dev": true,
      "requires": {
        "@slippilab/parser": "0.0.3"
      }
    },
    "@slippilab/parser": {
      "version": "0.0.3",
      "resolved": "https://registry.npmjs.org/@slippilab/parser/-/parser-0.0.3.tgz",
      "integrity": "sha512-7RWQENmmmATPosHMzM2+0D6ET/QHnL0QDAJfdfLGjzI68aB5Ir3VS4D73CKqRuq0FW4FeOJ1qkKB4so1HysomQ==",
      "dev": true,
      "requires": {
        "@shelacek/ubjson": "^1.1.0"
      }
    }
  }
}
